
Microsoft Visual Studio Solution File, Format Version 12.00
# Visual Studio 2012
Project("{FAE04EC0-301F-11D3-BF4B-00C04F79EFBC}") = "PiezoControl", "PiezoControl\PiezoControl.csproj", "{9088068B-149D-4AF3-95FD-1FCA09732C7F}"
EndProject
Global
	GlobalSection(SolutionConfigurationPlatforms) = preSolution
		Debug|Any CPU = Debug|Any CPU
		Deploy|Any CPU = Deploy|Any CPU
		Release|Any CPU = Release|Any CPU
	EndGlobalSection
	GlobalSection(ProjectConfigurationPlatforms) = postSolution
		{9088068B-149D-4AF3-95FD-1FCA09732C7F}.Debug|Any CPU.ActiveCfg = Debug|Any CPU
		{9088068B-149D-4AF3-95FD-1FCA09732C7F}.Debug|Any CPU.Build.0 = Debug|Any CPU
		{9088068B-149D-4AF3-95FD-1FCA09732C7F}.Deploy|Any CPU.ActiveCfg = Debug|Any CPU
		{9088068B-149D-4AF3-95FD-1FCA09732C7F}.Deploy|Any CPU.Build.0 = Debug|Any CPU
		{9088068B-149D-4AF3-95FD-1FCA09732C7F}.Release|Any CPU.ActiveCfg = Release|Any CPU
		{9088068B-149D-4AF3-95FD-1FCA09732C7F}.Release|Any CPU.Build.0 = Release|Any CPU
		{9088068B-149D-4AF3-95FD-1FCA09732C7F}.Release|Any CPU.Deploy.0 = Release|Any CPU
	EndGlobalSection
	GlobalSection(SolutionProperties) = preSolution
		HideSolutionNode = FALSE
	EndGlobalSection
EndGlobal
